{
  "name": "minivault",
  "version": "1.0.0",
  "lockfileVersion": 1,
  "requires": true,
  "dependencies": {
    "@peculiar/asn1-schema": {
      "version": "1.1.2",
      "resolved": "https://registry.npmjs.org/@peculiar/asn1-schema/-/asn1-schema-1.1.2.tgz",
      "integrity": "sha512-ntQ4UnUFgdjs0tfWR6YmEQm/x0glV4OFus/RjxLkaJUKfu/R7VilefBntyUO3MoKWdlCgib30KN+JpCY1HqU2A==",
      "requires": {
        "asn1js": "^2.0.26",
        "tslib": "^1.11.1"
      }
    },
    "@peculiar/json-schema": {
      "version": "1.1.10",
      "resolved": "https://registry.npmjs.org/@peculiar/json-schema/-/json-schema-1.1.10.tgz",
      "integrity": "sha512-kbpnG9CkF1y6wwGkW7YtSA+yYK4X5uk4rAwsd1hxiaYE3Hkw2EsGlbGh/COkMLyFf+Fe830BoFiMSB3QnC/ItA==",
      "requires": {
        "tslib": "^1.11.1"
      }
    },
    "asn1js": {
      "version": "2.0.26",
      "resolved": "https://registry.npmjs.org/asn1js/-/asn1js-2.0.26.tgz",
      "integrity": "sha512-yG89F0j9B4B0MKIcFyWWxnpZPLaNTjCj4tkE3fjbAoo0qmpGw0PYYqSbX/4ebnd9Icn8ZgK4K1fvDyEtW1JYtQ==",
      "requires": {
        "pvutils": "^1.0.17"
      }
    },
    "mkdirp": {
      "version": "1.0.4",
      "resolved": "https://registry.npmjs.org/mkdirp/-/mkdirp-1.0.4.tgz",
      "integrity": "sha512-vVqVZQyf3WLx2Shd0qJ9xuvqgAyKPLAiqITEtqW0oIUjzo3PePDd6fW9iFz30ef7Ysp/oiWqbhszeGWW2T6Gzw=="
    },
    "nan": {
      "version": "2.14.0",
      "resolved": "https://registry.npmjs.org/nan/-/nan-2.14.0.tgz",
      "integrity": "sha512-INOFj37C7k3AfaNTtX8RhsTw7qRy7eLET14cROi9+5HAVbbHuIWUHEauBv5qT4Av2tWasiTY1Jw6puUNqRJXQg=="
    },
    "node-webcrypto-ossl": {
      "version": "2.0.1",
      "resolved": "https://registry.npmjs.org/node-webcrypto-ossl/-/node-webcrypto-ossl-2.0.1.tgz",
      "integrity": "sha512-ZUrA7mSNtwMOJGLnqoCbVM6huN0PAdtdB6pTeeycDp3rwET29q+xbUzbazrWpTO8Xli+twqLkExDi9B6gDnn7A==",
      "requires": {
        "mkdirp": "^1.0.3",
        "nan": "^2.14.0",
        "pvtsutils": "^1.0.10",
        "tslib": "^1.11.1",
        "webcrypto-core": "^1.0.18"
      }
    },
    "pvtsutils": {
      "version": "1.0.10",
      "resolved": "https://registry.npmjs.org/pvtsutils/-/pvtsutils-1.0.10.tgz",
      "integrity": "sha512-8ZKQcxnZKTn+fpDh7wL4yKax5fdl3UJzT8Jv49djZpB/dzPxacyN1Sez90b6YLdOmvIr9vaySJ5gw4aUA1EdSw==",
      "requires": {
        "tslib": "^1.10.0"
      }
    },
    "pvutils": {
      "version": "1.0.17",
      "resolved": "https://registry.npmjs.org/pvutils/-/pvutils-1.0.17.tgz",
      "integrity": "sha512-wLHYUQxWaXVQvKnwIDWFVKDJku9XDCvyhhxoq8dc5MFdIlRenyPI9eSfEtcvgHgD7FlvCyGAlWgOzRnZD99GZQ=="
    },
    "text-encoding": {
      "version": "0.7.0",
      "resolved": "https://registry.npmjs.org/text-encoding/-/text-encoding-0.7.0.tgz",
      "integrity": "sha512-oJQ3f1hrOnbRLOcwKz0Liq2IcrvDeZRHXhd9RgLrsT+DjWY/nty1Hi7v3dtkaEYbPYe0mUoOfzRrMwfXXwgPUA=="
    },
    "tslib": {
      "version": "1.11.1",
      "resolved": "https://registry.npmjs.org/tslib/-/tslib-1.11.1.tgz",
      "integrity": "sha512-aZW88SY8kQbU7gpV19lN24LtXh/yD4ZZg6qieAJDDg+YBsJcSmLGK9QpnUjAKVG/xefmvJGd1WUmfpT/g6AJGA=="
    },
    "webcrypto-core": {
      "version": "1.0.19",
      "resolved": "https://registry.npmjs.org/webcrypto-core/-/webcrypto-core-1.0.19.tgz",
      "integrity": "sha512-6XHExtfMJrpkFDh9MiJ/y7ptX0dfZi0ogxFyelqxMu1eFowxivHfIp6DKzT+ZjU66xTuNfJkfkUk1bIB3tEOgA==",
      "requires": {
        "@peculiar/asn1-schema": "^1.0.5",
        "@peculiar/json-schema": "^1.1.10",
        "asn1js": "^2.0.26",
        "pvtsutils": "^1.0.10",
        "tslib": "^1.11.1"
      }
    }
  }
}
